
Microsoft Visual Studio Solution File, Format Version 12.00
# Visual Studio Version 17
VisualStudioVersion = 17.14.36310.24 d17.14
MinimumVisualStudioVersion = 10.0.40219.1
Project("{2150E333-8FDC-42A3-9474-1A3956D46DE8}") = "API", "API", "{02EA681E-C7D8-13C7-8484-4AC65E1B71E8}"
EndProject
Project("{2150E333-8FDC-42A3-9474-1A3956D46DE8}") = "Core", "Core", "{820C17C2-EA86-4A1F-BD56-44772B134EEA}"
EndProject
Project("{2150E333-8FDC-42A3-9474-1A3956D46DE8}") = "Infrastructure", "Infrastructure", "{5A1941C4-1175-4C2C-B7D8-E492D498B7AA}"
EndProject
Project("{2150E333-8FDC-42A3-9474-1A3956D46DE8}") = "Tests", "Tests", "{80F2788A-D82F-49F0-B44B-40FBA89E5E21}"
EndProject
Project("{FAE04EC0-301F-11D3-BF4B-00C04F79EFBC}") = "CleanTeeth.Domain", "CleanTeeth.Domain\CleanTeeth.Domain.csproj", "{34D3300F-A512-4C3A-858A-26A707CEF467}"
EndProject
Global
	GlobalSection(SolutionConfigurationPlatforms) = preSolution
		Debug|Any CPU = Debug|Any CPU
		Release|Any CPU = Release|Any CPU
	EndGlobalSection
	GlobalSection(ProjectConfigurationPlatforms) = postSolution
		{34D3300F-A512-4C3A-858A-26A707CEF467}.Debug|Any CPU.ActiveCfg = Debug|Any CPU
		{34D3300F-A512-4C3A-858A-26A707CEF467}.Debug|Any CPU.Build.0 = Debug|Any CPU
		{34D3300F-A512-4C3A-858A-26A707CEF467}.Release|Any CPU.ActiveCfg = Release|Any CPU
		{34D3300F-A512-4C3A-858A-26A707CEF467}.Release|Any CPU.Build.0 = Release|Any CPU
	EndGlobalSection
	GlobalSection(SolutionProperties) = preSolution
		HideSolutionNode = FALSE
	EndGlobalSection
	GlobalSection(NestedProjects) = preSolution
		{34D3300F-A512-4C3A-858A-26A707CEF467} = {820C17C2-EA86-4A1F-BD56-44772B134EEA}
	EndGlobalSection
	GlobalSection(ExtensibilityGlobals) = postSolution
		SolutionGuid = {926DDE21-6A73-48DB-A573-69D5C33C4783}
	EndGlobalSection
EndGlobal
